// !$*UTF8*$!
{
	archiveVersion = 1;
	classes = {
	};
	objectVersion = 46;
	objects = {

/* Begin PBXBuildFile section */
		281DDFD41E2658A60053AC29 /* AppDelegate.swift in Sources */ = {isa = PBXBuildFile; fileRef = 281DDFD31E2658A60053AC29 /* AppDelegate.swift */; };
		281DDFD61E2658A60053AC29 /* ViewController.swift in Sources */ = {isa = PBXBuildFile; fileRef = 281DDFD51E2658A60053AC29 /* ViewController.swift */; };
		281DDFD91E2658A60053AC29 /* Main.storyboard in Resources */ = {isa = PBXBuildFile; fileRef = 281DDFD71E2658A60053AC29 /* Main.storyboard */; };
		281DDFDB1E2658A60053AC29 /* Assets.xcassets in Resources */ = {isa = PBXBuildFile; fileRef = 281DDFDA1E2658A60053AC29 /* Assets.xcassets */; };
		281DDFDE1E2658A60053AC29 /* LaunchScreen.storyboard in Resources */ = {isa = PBXBuildFile; fileRef = 281DDFDC1E2658A60053AC29 /* LaunchScreen.storyboard */; };
/* End PBXBuildFile section */

/* Begin PBXFileReference section */
		281DDFD01E2658A60053AC29 /* Devslopes Social.app */ = {isa = PBXFileReference; explicitFileType = wrapper.application; includeInIndex = 0; path = "Devslopes Social.app"; sourceTree = BUILT_PRODUCTS_DIR; };
		281DDFD31E2658A60053AC29 /* AppDelegate.swift */ = {isa = PBXFileReference; lastKnownFileType = sourcecode.swift; path = AppDelegate.swift; sourceTree = "<group>"; };
		281DDFD51E2658A60053AC29 /* ViewController.swift */ = {isa = PBXFileReference; lastKnownFileType = sourcecode.swift; path = ViewController.swift; sourceTree = "<group>"; };
		281DDFD81E2658A60053AC29 /* Base */ = {isa = PBXFileReference; lastKnownFileType = file.storyboard; name = Base; path = Base.lproj/Main.storyboard; sourceTree = "<group>"; };
		281DDFDA1E2658A60053AC29 /* Assets.xcassets */ = {isa = PBXFileReference; lastKnownFileType = folder.assetcatalog; path = Assets.xcassets; sourceTree = "<group>"; };
		281DDFDD1E2658A60053AC29 /* Base */ = {isa = PBXFileReference; lastKnownFileType = file.storyboard; name = Base; path = Base.lproj/LaunchScreen.storyboard; sourceTree = "<group>"; };
		281DDFDF1E2658A60053AC29 /* Info.plist */ = {isa = PBXFileReference; lastKnownFileType = text.plist.xml; path = Info.plist; sourceTree = "<group>"; };
/* End PBXFileReference section */

/* Begin PBXFrameworksBuildPhase section */
		281DDFCD1E2658A60053AC29 /* Frameworks */ = {
			isa = PBXFrameworksBuildPhase;
			buildActionMask = 2147483647;
			files = (
			);
			runOnlyForDeploymentPostprocessing = 0;
		};
/* End PBXFrameworksBuildPhase section */

/* Begin PBXGroup section */
		281DDFC71E2658A60053AC29 = {
			isa = PBXGroup;
			children = (
				281DDFD21E2658A60053AC29 /* Devslopes Social */,
				281DDFD11E2658A60053AC29 /* Products */,
			);
			sourceTree = "<group>";
		};
		281DDFD11E2658A60053AC29 /* Products */ = {
			isa = PBXGroup;
			children = (
				281DDFD01E2658A60053AC29 /* Devslopes Social.app */,
			);
			name = Products;
			sourceTree = "<group>";
		};
		281DDFD21E2658A60053AC29 /* Devslopes Social */ = {
			isa = PBXGroup;
			children = (
				281DDFD31E2658A60053AC29 /* AppDelegate.swift */,
				281DDFD51E2658A60053AC29 /* ViewController.swift */,
				281DDFD71E2658A60053AC29 /* Main.storyboard */,
				281DDFDA1E2658A60053AC29 /* Assets.xcassets */,
				281DDFDC1E2658A60053AC29 /* LaunchScreen.storyboard */,
				281DDFDF1E2658A60053AC29 /* Info.plist */,
			);
			path = "Devslopes Social";
			sourceTree = "<group>";
		};
/* End PBXGroup section */

/* Begin PBXNativeTarget section */
		281DDFCF1E2658A60053AC29 /* Devslopes Social */ = {
			isa = PBXNativeTarget;
			buildConfigurationList = 281DDFE21E2658A60053AC29 /* Build configuration list for PBXNativeTarget "Devslopes Social" */;
			buildPhases = (
				281DDFCC1E2658A60053AC29 /* Sources */,
				281DDFCD1E2658A60053AC29 /* Frameworks */,
				281DDFCE1E2658A60053AC29 /* Resources */,
			);
			buildRules = (
			);
			dependencies = (
			);
			name = "Devslopes Social";
			productName = "Devslopes Social";
			productReference = 281DDFD01E2658A60053AC29 /* Devslopes Social.app */;
			productType = "com.apple.product-type.application";
		};
/* End PBXNativeTarget section */

/* Begin PBXProject section */
		281DDFC81E2658A60053AC29 /* Project object */ = {
			isa = PBXProject;
			attributes = {
				LastSwiftUpdateCheck = 0820;
				LastUpgradeCheck = 0820;
				ORGANIZATIONNAME = Gaana1MB;
				TargetAttributes = {
					281DDFCF1E2658A60053AC29 = {
						CreatedOnToolsVersion = 8.2.1;
						ProvisioningStyle = Automatic;
					};
				};
			};
			buildConfigurationList = 281DDFCB1E2658A60053AC29 /* Build configuration list for PBXProject "Devslopes Social" */;
			compatibilityVersion = "Xcode 3.2";
			developmentRegion = English;
			hasScannedForEncodings = 0;
			knownRegions = (
				en,
				Base,
			);
			mainGroup = 281DDFC71E2658A60053AC29;
			productRefGroup = 281DDFD11E2658A60053AC29 /* Products */;
			projectDirPath = "";
			projectRoot = "";
			targets = (
				281DDFCF1E2658A60053AC29 /* Devslopes Social */,
			);
		};
/* End PBXProject section */

/* Begin PBXResourcesBuildPhase section */
		281DDFCE1E2658A60053AC29 /* Resources */ = {
			isa = PBXResourcesBuildPhase;
			buildActionMask = 2147483647;
			files = (
				281DDFDE1E2658A60053AC29 /* LaunchScreen.storyboard in Resources */,
				281DDFDB1E2658A60053AC29 /* Assets.xcassets in Resources */,
				281DDFD91E2658A60053AC29 /* Main.storyboard in Resources */,
			);
			runOnlyForDeploymentPostprocessing = 0;
		};
/* End PBXResourcesBuildPhase section */

/* Begin PBXSourcesBuildPhase section */
		281DDFCC1E2658A60053AC29 /* Sources */ = {
			isa = PBXSourcesBuildPhase;
			buildActionMask = 2147483647;
			files = (
				281DDFD61E2658A60053AC29 /* ViewController.swift in Sources */,
				281DDFD41E2658A60053AC29 /* AppDelegate.swift in Sources */,
			);
			runOnlyForDeploymentPostprocessing = 0;
		};
/* End PBXSourcesBuildPhase section */

/* Begin PBXVariantGroup section */
		281DDFD71E2658A60053AC29 /* Main.storyboard */ = {
			isa = PBXVariantGroup;
			children = (
				281DDFD81E2658A60053AC29 /* Base */,
			);
			name = Main.storyboard;
			sourceTree = "<group>";
		};
		281DDFDC1E2658A60053AC29 /* LaunchScreen.storyboard */ = {
			isa = PBXVariantGroup;
			children = (
				281DDFDD1E2658A60053AC29 /* Base */,
			);
			name = LaunchScreen.storyboard;
			sourceTree = "<group>";
		};
/* End PBXVariantGroup section */

/* Begin XCBuildConfiguration section */
		281DDFE01E2658A60053AC29 /* Debug */ = {
			isa = XCBuildConfiguration;
			buildSettings = {
				ALWAYS_SEARCH_USER_PATHS = NO;
				CLANG_ANALYZER_NONNULL = YES;
				CLANG_CXX_LANGUAGE_STANDARD = "gnu++0x";
				CLANG_CXX_LIBRARY = "libc++";
				CLANG_ENABLE_MODULES = YES;
				CLANG_ENABLE_OBJC_ARC = YES;
				CLANG_WARN_BOOL_CONVERSION = YES;
				CLANG_WARN_CONSTANT_CONVERSION = YES;
				CLANG_WARN_DIRECT_OBJC_ISA_USAGE = YES_ERROR;
				CLANG_WARN_DOCUMENTATION_COMMENTS = YES;
				CLANG_WARN_EMPTY_BODY = YES;
				CLANG_WARN_ENUM_CONVERSION = YES;
				CLANG_WARN_INFINITE_RECURSION = YES;
				CLANG_WARN_INT_CONVERSION = YES;
				CLANG_WARN_OBJC_ROOT_CLASS = YES_ERROR;
				CLANG_WARN_SUSPICIOUS_MOVE = YES;
				CLANG_WARN_UNREACHABLE_CODE = YES;
				CLANG_WARN__DUPLICATE_METHOD_MATCH = YES;
				"CODE_SIGN_IDENTITY[sdk=iphoneos*]" = "iPhone Developer";
				COPY_PHASE_STRIP = NO;
				DEBUG_INFORMATION_FORMAT = dwarf;
				ENABLE_STRICT_OBJC_MSGSEND = YES;
				ENABLE_TESTABILITY = YES;
				GCC_C_LANGUAGE_STANDARD = gnu99;
				GCC_DYNAMIC_NO_PIC = NO;
				GCC_NO_COMMON_BLOCKS = YES;
				GCC_OPTIMIZATION_LEVEL = 0;
				GCC_PREPROCESSOR_DEFINITIONS = (
					"DEBUG=1",
					"$(inherited)",
				);
				GCC_WARN_64_TO_32_BIT_CONVERSION = YES;
				GCC_WARN_ABOUT_RETURN_TYPE = YES_ERROR;
				GCC_WARN_UNDECLARED_SELECTOR = YES;
				GCC_WARN_UNINITIALIZED_AUTOS = YES_AGGRESSIVE;
				GCC_WARN_UNUSED_FUNCTION = YES;
				GCC_WARN_UNUSED_VARIABLE = YES;
				IPHONEOS_DEPLOYMENT_TARGET = 10.2;
				MTL_ENABLE_DEBUG_INFO = YES;
				ONLY_ACTIVE_ARCH = YES;
				SDKROOT = iphoneos;
				SWIFT_ACTIVE_COMPILATION_CONDITIONS = DEBUG;
				SWIFT_OPTIMIZATION_LEVEL = "-Onone";
			};
			name = Debug;
		};
		281DDFE11E2658A60053AC29 /* Release */ = {
			isa = XCBuildConfiguration;
			buildSettings = {
				ALWAYS_SEARCH_USER_PATHS = NO;
				CLANG_ANALYZER_NONNULL = YES;
				CLANG_CXX_LANGUAGE_STANDARD = "gnu++0x";
				CLANG_CXX_LIBRARY = "libc++";
				CLANG_ENABLE_MODULES = YES;
				CLANG_ENABLE_OBJC_ARC = YES;
				CLANG_WARN_BOOL_CONVERSION = YES;
				CLANG_WARN_CONSTANT_CONVERSION = YES;
				CLANG_WARN_DIRECT_OBJC_ISA_USAGE = YES_ERROR;
				CLANG_WARN_DOCUMENTATION_COMMENTS = YES;
				CLANG_WARN_EMPTY_BODY = YES;
				CLANG_WARN_ENUM_CONVERSION = YES;
				CLANG_WARN_INFINITE_RECURSION = YES;
				CLANG_WARN_INT_CONVERSION = YES;
				CLANG_WARN_OBJC_ROOT_CLASS = YES_ERROR;
				CLANG_WARN_SUSPICIOUS_MOVE = YES;
				CLANG_WARN_UNREACHABLE_CODE = YES;
				CLANG_WARN__DUPLICATE_METHOD_MATCH = YES;
				"CODE_SIGN_IDENTITY[sdk=iphoneos*]" = "iPhone Developer";
				COPY_PHASE_STRIP = NO;
				DEBUG_INFORMATION_FORMAT = "dwarf-with-dsym";
				ENABLE_NS_ASSERTIONS = NO;
				ENABLE_STRICT_OBJC_MSGSEND = YES;
				GCC_C_LANGUAGE_STANDARD = gnu99;
				GCC_NO_COMMON_BLOCKS = YES;
				GCC_WARN_64_TO_32_BIT_CONVERSION = YES;
				GCC_WARN_ABOUT_RETURN_TYPE = YES_ERROR;
				GCC_WARN_UNDECLARED_SELECTOR = YES;
				GCC_WARN_UNINITIALIZED_AUTOS = YES_AGGRESSIVE;
				GCC_WARN_UNUSED_FUNCTION = YES;
				GCC_WARN_UNUSED_VARIABLE = YES;
				IPHONEOS_DEPLOYMENT_TARGET = 10.2;
				MTL_ENABLE_DEBUG_INFO = NO;
				SDKROOT = iphoneos;
				SWIFT_OPTIMIZATION_LEVEL = "-Owholemodule";
				VALIDATE_PRODUCT = YES;
			};
			name = Release;
		};
		281DDFE31E2658A60053AC29 /* Debug */ = {
			isa = XCBuildConfiguration;
			buildSettings = {
				ASSETCATALOG_COMPILER_APPICON_NAME = AppIcon;
				INFOPLIST_FILE = "Devslopes Social/Info.plist";
				LD_RUNPATH_SEARCH_PATHS = "$(inherited) @executable_path/Frameworks";
				PRODUCT_BUNDLE_IDENTIFIER = "com.gaana1mb.ios.Devslopes-Social";
				PRODUCT_NAME = "$(TARGET_NAME)";
				SWIFT_VERSION = 3.0;
			};
			name = Debug;
		};
		281DDFE41E2658A60053AC29 /* Release */ = {
			isa = XCBuildConfiguration;
			buildSettings = {
				ASSETCATALOG_COMPILER_APPICON_NAME = AppIcon;
				INFOPLIST_FILE = "Devslopes Social/Info.plist";
				LD_RUNPATH_SEARCH_PATHS = "$(inherited) @executable_path/Frameworks";
				PRODUCT_BUNDLE_IDENTIFIER = "com.gaana1mb.ios.Devslopes-Social";
				PRODUCT_NAME = "$(TARGET_NAME)";
				SWIFT_VERSION = 3.0;
			};
			name = Release;
		};
/* End XCBuildConfiguration section */

/* Begin XCConfigurationList section */
		281DDFCB1E2658A60053AC29 /* Build configuration list for PBXProject "Devslopes Social" */ = {
			isa = XCConfigurationList;
			buildConfigurations = (
				281DDFE01E2658A60053AC29 /* Debug */,
				281DDFE11E2658A60053AC29 /* Release */,
			);
			defaultConfigurationIsVisible = 0;
			defaultConfigurationName = Release;
		};
		281DDFE21E2658A60053AC29 /* Build configuration list for PBXNativeTarget "Devslopes Social" */ = {
			isa = XCConfigurationList;
			buildConfigurations = (
				281DDFE31E2658A60053AC29 /* Debug */,
				281DDFE41E2658A60053AC29 /* Release */,
			);
			defaultConfigurationIsVisible = 0;
		};
/* End XCConfigurationList section */
	};
	rootObject = 281DDFC81E2658A60053AC29 /* Project object */;
}
